
Microsoft Visual Studio Solution File, Format Version 12.00
# Visual Studio Version 17
VisualStudioVersion = 17.14.36408.4
MinimumVisualStudioVersion = 10.0.40219.1
Project("{2150E333-8FDC-42A3-9474-1A3956D46DE8}") = "Backend", "Backend", "{02EA681E-C7D8-13C7-8484-4AC65E1B71E8}"
EndProject
Project("{2150E333-8FDC-42A3-9474-1A3956D46DE8}") = "UI", "UI", "{A7442739-77BB-4586-80C0-20F8A55A3936}"
EndProject
Project("{2150E333-8FDC-42A3-9474-1A3956D46DE8}") = "Unit Test", "Unit Test", "{9D98DA86-F173-4C98-8492-72C6D5B2C409}"
EndProject
Project("{FAE04EC0-301F-11D3-BF4B-00C04F79EFBC}") = "ePizzaHub.UI", "ePizzaHub.UI\ePizzaHub.UI.csproj", "{9ADDA02A-3058-4466-875C-E18746AC9F17}"
EndProject
Project("{2150E333-8FDC-42A3-9474-1A3956D46DE8}") = "API", "API", "{3F0C8764-CE81-46A9-A62D-40B11AD03721}"
EndProject
Project("{2150E333-8FDC-42A3-9474-1A3956D46DE8}") = "Application", "Application", "{699EF519-2BF2-469B-95E2-863AB7A04E5C}"
EndProject
Project("{2150E333-8FDC-42A3-9474-1A3956D46DE8}") = "Domain", "Domain", "{94757DCE-0523-4E54-BEF3-57B73D05F834}"
EndProject
Project("{2150E333-8FDC-42A3-9474-1A3956D46DE8}") = "Infrastructure", "Infrastructure", "{01E3F884-83CF-4F78-B241-4C02C667862E}"
EndProject
Project("{FAE04EC0-301F-11D3-BF4B-00C04F79EFBC}") = "ePizzaHub.Infrastructure", "ePizzaHub.Infrastructure\ePizzaHub.Infrastructure.csproj", "{FC2B6D9C-F2FD-4F79-AAB2-3FA1283AFE0A}"
EndProject
Project("{FAE04EC0-301F-11D3-BF4B-00C04F79EFBC}") = "ePizzaHub.Domain", "ePizzaHub.Domain\ePizzaHub.Domain.csproj", "{5D2DE45B-5D80-4440-87BF-76F42FA8FD15}"
EndProject
Project("{FAE04EC0-301F-11D3-BF4B-00C04F79EFBC}") = "ePizzaHub.Application", "ePizzaHub.Application\ePizzaHub.Application.csproj", "{F005AD5F-770E-4491-86A2-A731813757C7}"
EndProject
Project("{FAE04EC0-301F-11D3-BF4B-00C04F79EFBC}") = "ePizzaHub.API", "ePizzaHub.API\ePizzaHub.API.csproj", "{92D306DF-42F4-4039-97C3-1027F4C7CD8F}"
EndProject
Global
	GlobalSection(SolutionConfigurationPlatforms) = preSolution
		Debug|Any CPU = Debug|Any CPU
		Release|Any CPU = Release|Any CPU
	EndGlobalSection
	GlobalSection(ProjectConfigurationPlatforms) = postSolution
		{9ADDA02A-3058-4466-875C-E18746AC9F17}.Debug|Any CPU.ActiveCfg = Debug|Any CPU
		{9ADDA02A-3058-4466-875C-E18746AC9F17}.Debug|Any CPU.Build.0 = Debug|Any CPU
		{9ADDA02A-3058-4466-875C-E18746AC9F17}.Release|Any CPU.ActiveCfg = Release|Any CPU
		{9ADDA02A-3058-4466-875C-E18746AC9F17}.Release|Any CPU.Build.0 = Release|Any CPU
		{FC2B6D9C-F2FD-4F79-AAB2-3FA1283AFE0A}.Debug|Any CPU.ActiveCfg = Debug|Any CPU
		{FC2B6D9C-F2FD-4F79-AAB2-3FA1283AFE0A}.Debug|Any CPU.Build.0 = Debug|Any CPU
		{FC2B6D9C-F2FD-4F79-AAB2-3FA1283AFE0A}.Release|Any CPU.ActiveCfg = Release|Any CPU
		{FC2B6D9C-F2FD-4F79-AAB2-3FA1283AFE0A}.Release|Any CPU.Build.0 = Release|Any CPU
		{5D2DE45B-5D80-4440-87BF-76F42FA8FD15}.Debug|Any CPU.ActiveCfg = Debug|Any CPU
		{5D2DE45B-5D80-4440-87BF-76F42FA8FD15}.Debug|Any CPU.Build.0 = Debug|Any CPU
		{5D2DE45B-5D80-4440-87BF-76F42FA8FD15}.Release|Any CPU.ActiveCfg = Release|Any CPU
		{5D2DE45B-5D80-4440-87BF-76F42FA8FD15}.Release|Any CPU.Build.0 = Release|Any CPU
		{F005AD5F-770E-4491-86A2-A731813757C7}.Debug|Any CPU.ActiveCfg = Debug|Any CPU
		{F005AD5F-770E-4491-86A2-A731813757C7}.Debug|Any CPU.Build.0 = Debug|Any CPU
		{F005AD5F-770E-4491-86A2-A731813757C7}.Release|Any CPU.ActiveCfg = Release|Any CPU
		{F005AD5F-770E-4491-86A2-A731813757C7}.Release|Any CPU.Build.0 = Release|Any CPU
		{92D306DF-42F4-4039-97C3-1027F4C7CD8F}.Debug|Any CPU.ActiveCfg = Debug|Any CPU
		{92D306DF-42F4-4039-97C3-1027F4C7CD8F}.Debug|Any CPU.Build.0 = Debug|Any CPU
		{92D306DF-42F4-4039-97C3-1027F4C7CD8F}.Release|Any CPU.ActiveCfg = Release|Any CPU
		{92D306DF-42F4-4039-97C3-1027F4C7CD8F}.Release|Any CPU.Build.0 = Release|Any CPU
	EndGlobalSection
	GlobalSection(SolutionProperties) = preSolution
		HideSolutionNode = FALSE
	EndGlobalSection
	GlobalSection(NestedProjects) = preSolution
		{9ADDA02A-3058-4466-875C-E18746AC9F17} = {A7442739-77BB-4586-80C0-20F8A55A3936}
		{3F0C8764-CE81-46A9-A62D-40B11AD03721} = {02EA681E-C7D8-13C7-8484-4AC65E1B71E8}
		{699EF519-2BF2-469B-95E2-863AB7A04E5C} = {02EA681E-C7D8-13C7-8484-4AC65E1B71E8}
		{94757DCE-0523-4E54-BEF3-57B73D05F834} = {02EA681E-C7D8-13C7-8484-4AC65E1B71E8}
		{01E3F884-83CF-4F78-B241-4C02C667862E} = {02EA681E-C7D8-13C7-8484-4AC65E1B71E8}
		{FC2B6D9C-F2FD-4F79-AAB2-3FA1283AFE0A} = {01E3F884-83CF-4F78-B241-4C02C667862E}
		{5D2DE45B-5D80-4440-87BF-76F42FA8FD15} = {94757DCE-0523-4E54-BEF3-57B73D05F834}
		{F005AD5F-770E-4491-86A2-A731813757C7} = {699EF519-2BF2-469B-95E2-863AB7A04E5C}
		{92D306DF-42F4-4039-97C3-1027F4C7CD8F} = {3F0C8764-CE81-46A9-A62D-40B11AD03721}
	EndGlobalSection
	GlobalSection(ExtensibilityGlobals) = postSolution
		SolutionGuid = {FE574828-0FA3-4C74-9BE6-56600BD2CEA8}
	EndGlobalSection
EndGlobal
